
Microsoft Visual Studio Solution File, Format Version 12.00
# Visual Studio Version 17
VisualStudioVersion = 17.13.35913.81 d17.13
MinimumVisualStudioVersion = 10.0.40219.1
Project("{FAE04EC0-301F-11D3-BF4B-00C04F79EFBC}") = "iteraatio_harjoitus_2nd_last_csharp", "iteraatio_harjoitus_2nd_last_csharp\iteraatio_harjoitus_2nd_last_csharp.csproj", "{4AECF215-C2BB-45AB-9D94-2F7543CAB2ED}"
EndProject
Global
	GlobalSection(SolutionConfigurationPlatforms) = preSolution
		Debug|Any CPU = Debug|Any CPU
		Release|Any CPU = Release|Any CPU
	EndGlobalSection
	GlobalSection(ProjectConfigurationPlatforms) = postSolution
		{4AECF215-C2BB-45AB-9D94-2F7543CAB2ED}.Debug|Any CPU.ActiveCfg = Debug|Any CPU
		{4AECF215-C2BB-45AB-9D94-2F7543CAB2ED}.Debug|Any CPU.Build.0 = Debug|Any CPU
		{4AECF215-C2BB-45AB-9D94-2F7543CAB2ED}.Release|Any CPU.ActiveCfg = Release|Any CPU
		{4AECF215-C2BB-45AB-9D94-2F7543CAB2ED}.Release|Any CPU.Build.0 = Release|Any CPU
	EndGlobalSection
	GlobalSection(SolutionProperties) = preSolution
		HideSolutionNode = FALSE
	EndGlobalSection
	GlobalSection(ExtensibilityGlobals) = postSolution
		SolutionGuid = {B8D43A35-CBD9-4BA8-AD7F-D283895DBAAE}
	EndGlobalSection
EndGlobal
